
Microsoft Visual Studio Solution File, Format Version 12.00
# Visual Studio Version 16
VisualStudioVersion = 16.0.29306.81
MinimumVisualStudioVersion = 10.0.40219.1
Project("{8BC9CEB8-8B4A-11D0-8D11-00A0C91BC942}") = "flipbyte", "flipbyte\flipbyte.vcxproj", "{71970031-1887-4DEF-9A4A-C0D5CA28AD17}"
EndProject
Global
	GlobalSection(SolutionConfigurationPlatforms) = preSolution
		Debug|x64 = Debug|x64
		Debug|x86 = Debug|x86
		Release|x64 = Release|x64
		Release|x86 = Release|x86
	EndGlobalSection
	GlobalSection(ProjectConfigurationPlatforms) = postSolution
		{71970031-1887-4DEF-9A4A-C0D5CA28AD17}.Debug|x64.ActiveCfg = Debug|x64
		{71970031-1887-4DEF-9A4A-C0D5CA28AD17}.Debug|x64.Build.0 = Debug|x64
		{71970031-1887-4DEF-9A4A-C0D5CA28AD17}.Debug|x86.ActiveCfg = Debug|Win32
		{71970031-1887-4DEF-9A4A-C0D5CA28AD17}.Debug|x86.Build.0 = Debug|Win32
		{71970031-1887-4DEF-9A4A-C0D5CA28AD17}.Release|x64.ActiveCfg = Release|x64
		{71970031-1887-4DEF-9A4A-C0D5CA28AD17}.Release|x64.Build.0 = Release|x64
		{71970031-1887-4DEF-9A4A-C0D5CA28AD17}.Release|x86.ActiveCfg = Release|Win32
		{71970031-1887-4DEF-9A4A-C0D5CA28AD17}.Release|x86.Build.0 = Release|Win32
	EndGlobalSection
	GlobalSection(SolutionProperties) = preSolution
		HideSolutionNode = FALSE
	EndGlobalSection
	GlobalSection(ExtensibilityGlobals) = postSolution
		SolutionGuid = {B8F6B9E3-1339-4752-82D3-EB0A43FD3ACD}
	EndGlobalSection
EndGlobal
